// !$*UTF8*$!
{
	archiveVersion = 1;
	classes = {
	};
	objectVersion = 70;
	objects = {

/* Begin PBXFileReference section */
		E5FB59A52CC57B2E0029CC91 /* MacSetup.md */ = {isa = PBXFileReference; lastKnownFileType = net.daringfireball.markdown; path = MacSetup.md; sourceTree = "<group>"; };
		E5FB5A972CC57B2E0029CC91 /* README.md */ = {isa = PBXFileReference; lastKnownFileType = net.daringfireball.markdown; path = README.md; sourceTree = "<group>"; };
		E5FBBE5A2CC58E3F0029CC91 /* .bash_profile */ = {isa = PBXFileReference; lastKnownFileType = text; path = .bash_profile; sourceTree = "<group>"; };
		E5FBBE5B2CC58E3F0029CC91 /* .bashrc */ = {isa = PBXFileReference; lastKnownFileType = text; path = .bashrc; sourceTree = "<group>"; };
		E5FBBE5C2CC58E4E0029CC91 /* .gitignore */ = {isa = PBXFileReference; lastKnownFileType = text; path = .gitignore; sourceTree = "<group>"; };
		E5FBBE5D2CC58E4E0029CC91 /* .gitmodules */ = {isa = PBXFileReference; lastKnownFileType = text; path = .gitmodules; sourceTree = "<group>"; };
		E5FBBE5E2CC58E4E0029CC91 /* .profile */ = {isa = PBXFileReference; lastKnownFileType = text; path = .profile; sourceTree = "<group>"; };
		E5FBBE5F2CC58E4E0029CC91 /* .test */ = {isa = PBXFileReference; lastKnownFileType = text; path = .test; sourceTree = "<group>"; };
		E5FBBE602CC58E4E0029CC91 /* .zlogout */ = {isa = PBXFileReference; lastKnownFileType = text; path = .zlogout; sourceTree = "<group>"; };
		E5FBBE612CC58E4E0029CC91 /* .zprofile */ = {isa = PBXFileReference; lastKnownFileType = text; path = .zprofile; sourceTree = "<group>"; };
		E5FBBE622CC58E4E0029CC91 /* .zshrc */ = {isa = PBXFileReference; lastKnownFileType = text; path = .zshrc; sourceTree = "<group>"; };
		E5FBBE632CC58E4E0029CC91 /* .zshrc_first */ = {isa = PBXFileReference; lastKnownFileType = text; path = .zshrc_first; sourceTree = "<group>"; };
		E5FBBE642CC58E4E0029CC91 /* .zshrc_local */ = {isa = PBXFileReference; lastKnownFileType = text; path = .zshrc_local; sourceTree = "<group>"; };
		E5FBBE652CC58E4E0029CC91 /* .zshrc_old */ = {isa = PBXFileReference; lastKnownFileType = text; path = .zshrc_old; sourceTree = "<group>"; };
		E5FBF9742CC57B2E0029CC91 /* bootstrap.sh */ = {isa = PBXFileReference; lastKnownFileType = text.script.sh; path = bootstrap.sh; sourceTree = "<group>"; };
/* End PBXFileReference section */

/* Begin PBXFileSystemSynchronizedRootGroup section */
		E5FB59A42CC57B2E0029CC91 /* fonts */ = {isa = PBXFileSystemSynchronizedRootGroup; explicitFileTypes = {}; explicitFolders = (); path = fonts; sourceTree = "<group>"; };
		E5FB59B82CC57B2E0029CC91 /* notes */ = {isa = PBXFileSystemSynchronizedRootGroup; explicitFileTypes = {}; explicitFolders = (); path = notes; sourceTree = "<group>"; };
		E5FB59C12CC57B2E0029CC91 /* packages */ = {isa = PBXFileSystemSynchronizedRootGroup; explicitFileTypes = {}; explicitFolders = (); path = packages; sourceTree = "<group>"; };
		E5FB5A962CC57B2E0029CC91 /* Profile */ = {isa = PBXFileSystemSynchronizedRootGroup; explicitFileTypes = {}; explicitFolders = (); path = Profile; sourceTree = "<group>"; };
		E5FB5AA22CC57B2E0029CC91 /* scripts */ = {isa = PBXFileSystemSynchronizedRootGroup; explicitFileTypes = {}; explicitFolders = (); path = scripts; sourceTree = "<group>"; };
		E5FB5AAD2CC57B2E0029CC91 /* setup */ = {isa = PBXFileSystemSynchronizedRootGroup; explicitFileTypes = {}; explicitFolders = (); path = setup; sourceTree = "<group>"; };
		E5FB5AB22CC57B2E0029CC91 /* system */ = {isa = PBXFileSystemSynchronizedRootGroup; explicitFileTypes = {}; explicitFolders = (); path = system; sourceTree = "<group>"; };
		E5FB5B4F2CC57B2E0029CC91 /* themes */ = {isa = PBXFileSystemSynchronizedRootGroup; explicitFileTypes = {}; explicitFolders = (); path = themes; sourceTree = "<group>"; };
		E5FBFA902CC57B2E0029CC91 /* config */ = {isa = PBXFileSystemSynchronizedRootGroup; explicitFileTypes = {}; explicitFolders = (); path = config; sourceTree = "<group>"; };
		E5FBFA982CC57B2E0029CC91 /* dev */ = {isa = PBXFileSystemSynchronizedRootGroup; explicitFileTypes = {}; explicitFolders = (); path = dev; sourceTree = "<group>"; };
/* End PBXFileSystemSynchronizedRootGroup section */

/* Begin PBXGroup section */
		E502AF6B28DD010800EC5AB8 = {
			isa = PBXGroup;
			children = (
				E5FBBE5A2CC58E3F0029CC91 /* .bash_profile */,
				E5FBBE5B2CC58E3F0029CC91 /* .bashrc */,
				E5FBBE5C2CC58E4E0029CC91 /* .gitignore */,
				E5FBBE5D2CC58E4E0029CC91 /* .gitmodules */,
				E5FBBE5E2CC58E4E0029CC91 /* .profile */,
				E5FBBE5F2CC58E4E0029CC91 /* .test */,
				E5FBBE602CC58E4E0029CC91 /* .zlogout */,
				E5FBBE612CC58E4E0029CC91 /* .zprofile */,
				E5FBBE622CC58E4E0029CC91 /* .zshrc */,
				E5FBBE632CC58E4E0029CC91 /* .zshrc_first */,
				E5FBBE642CC58E4E0029CC91 /* .zshrc_local */,
				E5FBBE652CC58E4E0029CC91 /* .zshrc_old */,
				E5FBF9742CC57B2E0029CC91 /* bootstrap.sh */,
				E5FBFA902CC57B2E0029CC91 /* config */,
				E5FBFA982CC57B2E0029CC91 /* dev */,
				E5FB59A42CC57B2E0029CC91 /* fonts */,
				E5FB59A52CC57B2E0029CC91 /* MacSetup.md */,
				E5FB59B82CC57B2E0029CC91 /* notes */,
				E5FB59C12CC57B2E0029CC91 /* packages */,
				E5FB5A962CC57B2E0029CC91 /* Profile */,
				E5FB5A972CC57B2E0029CC91 /* README.md */,
				E5FB5AA22CC57B2E0029CC91 /* scripts */,
				E5FB5AAD2CC57B2E0029CC91 /* setup */,
				E5FB5AB22CC57B2E0029CC91 /* system */,
				E5FB5B4F2CC57B2E0029CC91 /* themes */,
			);
			sourceTree = "<group>";
		};
/* End PBXGroup section */

/* Begin PBXProject section */
		E502AF6C28DD010800EC5AB8 /* Project object */ = {
			isa = PBXProject;
			attributes = {
				BuildIndependentTargetsInParallel = 1;
				LastUpgradeCheck = 1340;
			};
			buildConfigurationList = E502AF6F28DD010800EC5AB8 /* Build configuration list for PBXProject ".dotfiles" */;
			compatibilityVersion = "Xcode 13.0";
			developmentRegion = en;
			hasScannedForEncodings = 0;
			knownRegions = (
				en,
				Base,
			);
			mainGroup = E502AF6B28DD010800EC5AB8;
			projectDirPath = "";
			projectRoot = "";
			targets = (
			);
		};
/* End PBXProject section */

/* Begin XCBuildConfiguration section */
		E502AF7028DD010800EC5AB8 /* Debug */ = {
			isa = XCBuildConfiguration;
			buildSettings = {
			};
			name = Debug;
		};
		E502AF7128DD010800EC5AB8 /* Release */ = {
			isa = XCBuildConfiguration;
			buildSettings = {
			};
			name = Release;
		};
/* End XCBuildConfiguration section */

/* Begin XCConfigurationList section */
		E502AF6F28DD010800EC5AB8 /* Build configuration list for PBXProject ".dotfiles" */ = {
			isa = XCConfigurationList;
			buildConfigurations = (
				E502AF7028DD010800EC5AB8 /* Debug */,
				E502AF7128DD010800EC5AB8 /* Release */,
			);
			defaultConfigurationIsVisible = 0;
			defaultConfigurationName = Release;
		};
/* End XCConfigurationList section */
	};
	rootObject = E502AF6C28DD010800EC5AB8 /* Project object */;
}
